// !$*UTF8*$!
{
	archiveVersion = 1;
	classes = {
	};
	objectVersion = 55;
	objects = {

/* Begin PBXBuildFile section */
		ADBBADA027F5D92A00C3844F /* AppDelegate.swift in Sources */ = {isa = PBXBuildFile; fileRef = ADBBAD9F27F5D92A00C3844F /* AppDelegate.swift */; };
		ADBBADA227F5D92A00C3844F /* SceneDelegate.swift in Sources */ = {isa = PBXBuildFile; fileRef = ADBBADA127F5D92A00C3844F /* SceneDelegate.swift */; };
		ADBBADA427F5D92A00C3844F /* ViewController.swift in Sources */ = {isa = PBXBuildFile; fileRef = ADBBADA327F5D92A00C3844F /* ViewController.swift */; };
		ADBBADA727F5D92A00C3844F /* Main.storyboard in Resources */ = {isa = PBXBuildFile; fileRef = ADBBADA527F5D92A00C3844F /* Main.storyboard */; };
		ADBBADA927F5D92C00C3844F /* Assets.xcassets in Resources */ = {isa = PBXBuildFile; fileRef = ADBBADA827F5D92C00C3844F /* Assets.xcassets */; };
		ADBBADAC27F5D92C00C3844F /* LaunchScreen.storyboard in Resources */ = {isa = PBXBuildFile; fileRef = ADBBADAA27F5D92C00C3844F /* LaunchScreen.storyboard */; };
		ADBBADB527F5D9CB00C3844F /* RxCocoa in Frameworks */ = {isa = PBXBuildFile; productRef = ADBBADB427F5D9CB00C3844F /* RxCocoa */; };
		ADBBADB727F5D9CB00C3844F /* RxRelay in Frameworks */ = {isa = PBXBuildFile; productRef = ADBBADB627F5D9CB00C3844F /* RxRelay */; };
		ADBBADB927F5D9CB00C3844F /* RxSwift in Frameworks */ = {isa = PBXBuildFile; productRef = ADBBADB827F5D9CB00C3844F /* RxSwift */; };
		ADBBADBE27F5DAC800C3844F /* SnapKit in Frameworks */ = {isa = PBXBuildFile; productRef = ADBBADBD27F5DAC800C3844F /* SnapKit */; };
		ADBBADC027F5DB8F00C3844F /* LoginViewController.swift in Sources */ = {isa = PBXBuildFile; fileRef = ADBBADBF27F5DB8F00C3844F /* LoginViewController.swift */; };
		ADBBADC327F5EA3800C3844F /* Lottie in Frameworks */ = {isa = PBXBuildFile; productRef = ADBBADC227F5EA3800C3844F /* Lottie */; };
		ADBBADC627F5EA9200C3844F /* stocks.json in Resources */ = {isa = PBXBuildFile; fileRef = ADBBADC527F5EA9200C3844F /* stocks.json */; };
		ADBBADC827F5ED4800C3844F /* README.MD in Resources */ = {isa = PBXBuildFile; fileRef = ADBBADC727F5ED4800C3844F /* README.MD */; };
/* End PBXBuildFile section */

/* Begin PBXFileReference section */
		ADBBAD9C27F5D92A00C3844F /* RxLectureExample.app */ = {isa = PBXFileReference; explicitFileType = wrapper.application; includeInIndex = 0; path = RxLectureExample.app; sourceTree = BUILT_PRODUCTS_DIR; };
		ADBBAD9F27F5D92A00C3844F /* AppDelegate.swift */ = {isa = PBXFileReference; lastKnownFileType = sourcecode.swift; path = AppDelegate.swift; sourceTree = "<group>"; };
		ADBBADA127F5D92A00C3844F /* SceneDelegate.swift */ = {isa = PBXFileReference; lastKnownFileType = sourcecode.swift; path = SceneDelegate.swift; sourceTree = "<group>"; };
		ADBBADA327F5D92A00C3844F /* ViewController.swift */ = {isa = PBXFileReference; lastKnownFileType = sourcecode.swift; path = ViewController.swift; sourceTree = "<group>"; };
		ADBBADA627F5D92A00C3844F /* Base */ = {isa = PBXFileReference; lastKnownFileType = file.storyboard; name = Base; path = Base.lproj/Main.storyboard; sourceTree = "<group>"; };
		ADBBADA827F5D92C00C3844F /* Assets.xcassets */ = {isa = PBXFileReference; lastKnownFileType = folder.assetcatalog; path = Assets.xcassets; sourceTree = "<group>"; };
		ADBBADAB27F5D92C00C3844F /* Base */ = {isa = PBXFileReference; lastKnownFileType = file.storyboard; name = Base; path = Base.lproj/LaunchScreen.storyboard; sourceTree = "<group>"; };
		ADBBADAD27F5D92C00C3844F /* Info.plist */ = {isa = PBXFileReference; lastKnownFileType = text.plist.xml; path = Info.plist; sourceTree = "<group>"; };
		ADBBADBF27F5DB8F00C3844F /* LoginViewController.swift */ = {isa = PBXFileReference; lastKnownFileType = sourcecode.swift; path = LoginViewController.swift; sourceTree = "<group>"; };
		ADBBADC527F5EA9200C3844F /* stocks.json */ = {isa = PBXFileReference; fileEncoding = 4; lastKnownFileType = text.json; path = stocks.json; sourceTree = "<group>"; };
		ADBBADC727F5ED4800C3844F /* README.MD */ = {isa = PBXFileReference; lastKnownFileType = net.daringfireball.markdown; path = README.MD; sourceTree = "<group>"; };
/* End PBXFileReference section */

/* Begin PBXFrameworksBuildPhase section */
		ADBBAD9927F5D92A00C3844F /* Frameworks */ = {
			isa = PBXFrameworksBuildPhase;
			buildActionMask = 2147483647;
			files = (
				ADBBADC327F5EA3800C3844F /* Lottie in Frameworks */,
				ADBBADB927F5D9CB00C3844F /* RxSwift in Frameworks */,
				ADBBADBE27F5DAC800C3844F /* SnapKit in Frameworks */,
				ADBBADB727F5D9CB00C3844F /* RxRelay in Frameworks */,
				ADBBADB527F5D9CB00C3844F /* RxCocoa in Frameworks */,
			);
			runOnlyForDeploymentPostprocessing = 0;
		};
/* End PBXFrameworksBuildPhase section */

/* Begin PBXGroup section */
		ADBBAD9327F5D92A00C3844F = {
			isa = PBXGroup;
			children = (
				ADBBADC727F5ED4800C3844F /* README.MD */,
				ADBBAD9E27F5D92A00C3844F /* RxLectureExample */,
				ADBBAD9D27F5D92A00C3844F /* Products */,
			);
			sourceTree = "<group>";
		};
		ADBBAD9D27F5D92A00C3844F /* Products */ = {
			isa = PBXGroup;
			children = (
				ADBBAD9C27F5D92A00C3844F /* RxLectureExample.app */,
			);
			name = Products;
			sourceTree = "<group>";
		};
		ADBBAD9E27F5D92A00C3844F /* RxLectureExample */ = {
			isa = PBXGroup;
			children = (
				ADBBADC427F5EA8800C3844F /* LottieImages */,
				ADBBADBB27F5DA1800C3844F /* Models */,
				ADBBADBA27F5D9DD00C3844F /* Scenes */,
				ADBBAD9F27F5D92A00C3844F /* AppDelegate.swift */,
				ADBBADA127F5D92A00C3844F /* SceneDelegate.swift */,
				ADBBADA327F5D92A00C3844F /* ViewController.swift */,
				ADBBADA527F5D92A00C3844F /* Main.storyboard */,
				ADBBADA827F5D92C00C3844F /* Assets.xcassets */,
				ADBBADAA27F5D92C00C3844F /* LaunchScreen.storyboard */,
				ADBBADAD27F5D92C00C3844F /* Info.plist */,
			);
			path = RxLectureExample;
			sourceTree = "<group>";
		};
		ADBBADBA27F5D9DD00C3844F /* Scenes */ = {
			isa = PBXGroup;
			children = (
				ADBBADBF27F5DB8F00C3844F /* LoginViewController.swift */,
			);
			path = Scenes;
			sourceTree = "<group>";
		};
		ADBBADBB27F5DA1800C3844F /* Models */ = {
			isa = PBXGroup;
			children = (
			);
			path = Models;
			sourceTree = "<group>";
		};
		ADBBADC427F5EA8800C3844F /* LottieImages */ = {
			isa = PBXGroup;
			children = (
				ADBBADC527F5EA9200C3844F /* stocks.json */,
			);
			path = LottieImages;
			sourceTree = "<group>";
		};
/* End PBXGroup section */

/* Begin PBXNativeTarget section */
		ADBBAD9B27F5D92A00C3844F /* RxLectureExample */ = {
			isa = PBXNativeTarget;
			buildConfigurationList = ADBBADB027F5D92C00C3844F /* Build configuration list for PBXNativeTarget "RxLectureExample" */;
			buildPhases = (
				ADBBAD9827F5D92A00C3844F /* Sources */,
				ADBBAD9927F5D92A00C3844F /* Frameworks */,
				ADBBAD9A27F5D92A00C3844F /* Resources */,
			);
			buildRules = (
			);
			dependencies = (
			);
			name = RxLectureExample;
			packageProductDependencies = (
				ADBBADB427F5D9CB00C3844F /* RxCocoa */,
				ADBBADB627F5D9CB00C3844F /* RxRelay */,
				ADBBADB827F5D9CB00C3844F /* RxSwift */,
				ADBBADBD27F5DAC800C3844F /* SnapKit */,
				ADBBADC227F5EA3800C3844F /* Lottie */,
			);
			productName = RxLectureExample;
			productReference = ADBBAD9C27F5D92A00C3844F /* RxLectureExample.app */;
			productType = "com.apple.product-type.application";
		};
/* End PBXNativeTarget section */

/* Begin PBXProject section */
		ADBBAD9427F5D92A00C3844F /* Project object */ = {
			isa = PBXProject;
			attributes = {
				BuildIndependentTargetsInParallel = 1;
				LastSwiftUpdateCheck = 1330;
				LastUpgradeCheck = 1330;
				TargetAttributes = {
					ADBBAD9B27F5D92A00C3844F = {
						CreatedOnToolsVersion = 13.3;
					};
				};
			};
			buildConfigurationList = ADBBAD9727F5D92A00C3844F /* Build configuration list for PBXProject "RxLectureExample" */;
			compatibilityVersion = "Xcode 13.0";
			developmentRegion = en;
			hasScannedForEncodings = 0;
			knownRegions = (
				en,
				Base,
			);
			mainGroup = ADBBAD9327F5D92A00C3844F;
			packageReferences = (
				ADBBADB327F5D9CB00C3844F /* XCRemoteSwiftPackageReference "RxSwift" */,
				ADBBADBC27F5DAC800C3844F /* XCRemoteSwiftPackageReference "SnapKit" */,
				ADBBADC127F5EA3800C3844F /* XCRemoteSwiftPackageReference "lottie-ios" */,
			);
			productRefGroup = ADBBAD9D27F5D92A00C3844F /* Products */;
			projectDirPath = "";
			projectRoot = "";
			targets = (
				ADBBAD9B27F5D92A00C3844F /* RxLectureExample */,
			);
		};
/* End PBXProject section */

/* Begin PBXResourcesBuildPhase section */
		ADBBAD9A27F5D92A00C3844F /* Resources */ = {
			isa = PBXResourcesBuildPhase;
			buildActionMask = 2147483647;
			files = (
				ADBBADAC27F5D92C00C3844F /* LaunchScreen.storyboard in Resources */,
				ADBBADC827F5ED4800C3844F /* README.MD in Resources */,
				ADBBADA927F5D92C00C3844F /* Assets.xcassets in Resources */,
				ADBBADC627F5EA9200C3844F /* stocks.json in Resources */,
				ADBBADA727F5D92A00C3844F /* Main.storyboard in Resources */,
			);
			runOnlyForDeploymentPostprocessing = 0;
		};
/* End PBXResourcesBuildPhase section */

/* Begin PBXSourcesBuildPhase section */
		ADBBAD9827F5D92A00C3844F /* Sources */ = {
			isa = PBXSourcesBuildPhase;
			buildActionMask = 2147483647;
			files = (
				ADBBADC027F5DB8F00C3844F /* LoginViewController.swift in Sources */,
				ADBBADA427F5D92A00C3844F /* ViewController.swift in Sources */,
				ADBBADA027F5D92A00C3844F /* AppDelegate.swift in Sources */,
				ADBBADA227F5D92A00C3844F /* SceneDelegate.swift in Sources */,
			);
			runOnlyForDeploymentPostprocessing = 0;
		};
/* End PBXSourcesBuildPhase section */

/* Begin PBXVariantGroup section */
		ADBBADA527F5D92A00C3844F /* Main.storyboard */ = {
			isa = PBXVariantGroup;
			children = (
				ADBBADA627F5D92A00C3844F /* Base */,
			);
			name = Main.storyboard;
			sourceTree = "<group>";
		};
		ADBBADAA27F5D92C00C3844F /* LaunchScreen.storyboard */ = {
			isa = PBXVariantGroup;
			children = (
				ADBBADAB27F5D92C00C3844F /* Base */,
			);
			name = LaunchScreen.storyboard;
			sourceTree = "<group>";
		};
/* End PBXVariantGroup section */

/* Begin XCBuildConfiguration section */
		ADBBADAE27F5D92C00C3844F /* Debug */ = {
			isa = XCBuildConfiguration;
			buildSettings = {
				ALWAYS_SEARCH_USER_PATHS = NO;
				CLANG_ANALYZER_NONNULL = YES;
				CLANG_ANALYZER_NUMBER_OBJECT_CONVERSION = YES_AGGRESSIVE;
				CLANG_CXX_LANGUAGE_STANDARD = "gnu++17";
				CLANG_ENABLE_MODULES = YES;
				CLANG_ENABLE_OBJC_ARC = YES;
				CLANG_ENABLE_OBJC_WEAK = YES;
				CLANG_WARN_BLOCK_CAPTURE_AUTORELEASING = YES;
				CLANG_WARN_BOOL_CONVERSION = YES;
				CLANG_WARN_COMMA = YES;
				CLANG_WARN_CONSTANT_CONVERSION = YES;
				CLANG_WARN_DEPRECATED_OBJC_IMPLEMENTATIONS = YES;
				CLANG_WARN_DIRECT_OBJC_ISA_USAGE = YES_ERROR;
				CLANG_WARN_DOCUMENTATION_COMMENTS = YES;
				CLANG_WARN_EMPTY_BODY = YES;
				CLANG_WARN_ENUM_CONVERSION = YES;
				CLANG_WARN_INFINITE_RECURSION = YES;
				CLANG_WARN_INT_CONVERSION = YES;
				CLANG_WARN_NON_LITERAL_NULL_CONVERSION = YES;
				CLANG_WARN_OBJC_IMPLICIT_RETAIN_SELF = YES;
				CLANG_WARN_OBJC_LITERAL_CONVERSION = YES;
				CLANG_WARN_OBJC_ROOT_CLASS = YES_ERROR;
				CLANG_WARN_QUOTED_INCLUDE_IN_FRAMEWORK_HEADER = YES;
				CLANG_WARN_RANGE_LOOP_ANALYSIS = YES;
				CLANG_WARN_STRICT_PROTOTYPES = YES;
				CLANG_WARN_SUSPICIOUS_MOVE = YES;
				CLANG_WARN_UNGUARDED_AVAILABILITY = YES_AGGRESSIVE;
				CLANG_WARN_UNREACHABLE_CODE = YES;
				CLANG_WARN__DUPLICATE_METHOD_MATCH = YES;
				COPY_PHASE_STRIP = NO;
				DEBUG_INFORMATION_FORMAT = dwarf;
				ENABLE_STRICT_OBJC_MSGSEND = YES;
				ENABLE_TESTABILITY = YES;
				GCC_C_LANGUAGE_STANDARD = gnu11;
				GCC_DYNAMIC_NO_PIC = NO;
				GCC_NO_COMMON_BLOCKS = YES;
				GCC_OPTIMIZATION_LEVEL = 0;
				GCC_PREPROCESSOR_DEFINITIONS = (
					"DEBUG=1",
					"$(inherited)",
				);
				GCC_WARN_64_TO_32_BIT_CONVERSION = YES;
				GCC_WARN_ABOUT_RETURN_TYPE = YES_ERROR;
				GCC_WARN_UNDECLARED_SELECTOR = YES;
				GCC_WARN_UNINITIALIZED_AUTOS = YES_AGGRESSIVE;
				GCC_WARN_UNUSED_FUNCTION = YES;
				GCC_WARN_UNUSED_VARIABLE = YES;
				IPHONEOS_DEPLOYMENT_TARGET = 15.4;
				MTL_ENABLE_DEBUG_INFO = INCLUDE_SOURCE;
				MTL_FAST_MATH = YES;
				ONLY_ACTIVE_ARCH = YES;
				SDKROOT = iphoneos;
				SWIFT_ACTIVE_COMPILATION_CONDITIONS = DEBUG;
				SWIFT_OPTIMIZATION_LEVEL = "-Onone";
			};
			name = Debug;
		};
		ADBBADAF27F5D92C00C3844F /* Release */ = {
			isa = XCBuildConfiguration;
			buildSettings = {
				ALWAYS_SEARCH_USER_PATHS = NO;
				CLANG_ANALYZER_NONNULL = YES;
				CLANG_ANALYZER_NUMBER_OBJECT_CONVERSION = YES_AGGRESSIVE;
				CLANG_CXX_LANGUAGE_STANDARD = "gnu++17";
				CLANG_ENABLE_MODULES = YES;
				CLANG_ENABLE_OBJC_ARC = YES;
				CLANG_ENABLE_OBJC_WEAK = YES;
				CLANG_WARN_BLOCK_CAPTURE_AUTORELEASING = YES;
				CLANG_WARN_BOOL_CONVERSION = YES;
				CLANG_WARN_COMMA = YES;
				CLANG_WARN_CONSTANT_CONVERSION = YES;
				CLANG_WARN_DEPRECATED_OBJC_IMPLEMENTATIONS = YES;
				CLANG_WARN_DIRECT_OBJC_ISA_USAGE = YES_ERROR;
				CLANG_WARN_DOCUMENTATION_COMMENTS = YES;
				CLANG_WARN_EMPTY_BODY = YES;
				CLANG_WARN_ENUM_CONVERSION = YES;
				CLANG_WARN_INFINITE_RECURSION = YES;
				CLANG_WARN_INT_CONVERSION = YES;
				CLANG_WARN_NON_LITERAL_NULL_CONVERSION = YES;
				CLANG_WARN_OBJC_IMPLICIT_RETAIN_SELF = YES;
				CLANG_WARN_OBJC_LITERAL_CONVERSION = YES;
				CLANG_WARN_OBJC_ROOT_CLASS = YES_ERROR;
				CLANG_WARN_QUOTED_INCLUDE_IN_FRAMEWORK_HEADER = YES;
				CLANG_WARN_RANGE_LOOP_ANALYSIS = YES;
				CLANG_WARN_STRICT_PROTOTYPES = YES;
				CLANG_WARN_SUSPICIOUS_MOVE = YES;
				CLANG_WARN_UNGUARDED_AVAILABILITY = YES_AGGRESSIVE;
				CLANG_WARN_UNREACHABLE_CODE = YES;
				CLANG_WARN__DUPLICATE_METHOD_MATCH = YES;
				COPY_PHASE_STRIP = NO;
				DEBUG_INFORMATION_FORMAT = "dwarf-with-dsym";
				ENABLE_NS_ASSERTIONS = NO;
				ENABLE_STRICT_OBJC_MSGSEND = YES;
				GCC_C_LANGUAGE_STANDARD = gnu11;
				GCC_NO_COMMON_BLOCKS = YES;
				GCC_WARN_64_TO_32_BIT_CONVERSION = YES;
				GCC_WARN_ABOUT_RETURN_TYPE = YES_ERROR;
				GCC_WARN_UNDECLARED_SELECTOR = YES;
				GCC_WARN_UNINITIALIZED_AUTOS = YES_AGGRESSIVE;
				GCC_WARN_UNUSED_FUNCTION = YES;
				GCC_WARN_UNUSED_VARIABLE = YES;
				IPHONEOS_DEPLOYMENT_TARGET = 15.4;
				MTL_ENABLE_DEBUG_INFO = NO;
				MTL_FAST_MATH = YES;
				SDKROOT = iphoneos;
				SWIFT_COMPILATION_MODE = wholemodule;
				SWIFT_OPTIMIZATION_LEVEL = "-O";
				VALIDATE_PRODUCT = YES;
			};
			name = Release;
		};
		ADBBADB127F5D92C00C3844F /* Debug */ = {
			isa = XCBuildConfiguration;
			buildSettings = {
				ASSETCATALOG_COMPILER_APPICON_NAME = AppIcon;
				ASSETCATALOG_COMPILER_GLOBAL_ACCENT_COLOR_NAME = AccentColor;
				CODE_SIGN_STYLE = Automatic;
				CURRENT_PROJECT_VERSION = 1;
				DEVELOPMENT_TEAM = R6V3UCSNG3;
				GENERATE_INFOPLIST_FILE = YES;
				INFOPLIST_FILE = RxLectureExample/Info.plist;
				INFOPLIST_KEY_UIApplicationSupportsIndirectInputEvents = YES;
				INFOPLIST_KEY_UILaunchStoryboardName = LaunchScreen;
				INFOPLIST_KEY_UIMainStoryboardFile = Main;
				INFOPLIST_KEY_UISupportedInterfaceOrientations_iPad = "UIInterfaceOrientationPortrait UIInterfaceOrientationPortraitUpsideDown UIInterfaceOrientationLandscapeLeft UIInterfaceOrientationLandscapeRight";
				INFOPLIST_KEY_UISupportedInterfaceOrientations_iPhone = "UIInterfaceOrientationPortrait UIInterfaceOrientationLandscapeLeft UIInterfaceOrientationLandscapeRight";
				LD_RUNPATH_SEARCH_PATHS = (
					"$(inherited)",
					"@executable_path/Frameworks",
				);
				MARKETING_VERSION = 1.0;
				PRODUCT_BUNDLE_IDENTIFIER = com.ycompany.RxLectureExample;
				PRODUCT_NAME = "$(TARGET_NAME)";
				SWIFT_EMIT_LOC_STRINGS = YES;
				SWIFT_VERSION = 5.0;
				TARGETED_DEVICE_FAMILY = "1,2";
			};
			name = Debug;
		};
		ADBBADB227F5D92C00C3844F /* Release */ = {
			isa = XCBuildConfiguration;
			buildSettings = {
				ASSETCATALOG_COMPILER_APPICON_NAME = AppIcon;
				ASSETCATALOG_COMPILER_GLOBAL_ACCENT_COLOR_NAME = AccentColor;
				CODE_SIGN_STYLE = Automatic;
				CURRENT_PROJECT_VERSION = 1;
				DEVELOPMENT_TEAM = R6V3UCSNG3;
				GENERATE_INFOPLIST_FILE = YES;
				INFOPLIST_FILE = RxLectureExample/Info.plist;
				INFOPLIST_KEY_UIApplicationSupportsIndirectInputEvents = YES;
				INFOPLIST_KEY_UILaunchStoryboardName = LaunchScreen;
				INFOPLIST_KEY_UIMainStoryboardFile = Main;
				INFOPLIST_KEY_UISupportedInterfaceOrientations_iPad = "UIInterfaceOrientationPortrait UIInterfaceOrientationPortraitUpsideDown UIInterfaceOrientationLandscapeLeft UIInterfaceOrientationLandscapeRight";
				INFOPLIST_KEY_UISupportedInterfaceOrientations_iPhone = "UIInterfaceOrientationPortrait UIInterfaceOrientationLandscapeLeft UIInterfaceOrientationLandscapeRight";
				LD_RUNPATH_SEARCH_PATHS = (
					"$(inherited)",
					"@executable_path/Frameworks",
				);
				MARKETING_VERSION = 1.0;
				PRODUCT_BUNDLE_IDENTIFIER = com.ycompany.RxLectureExample;
				PRODUCT_NAME = "$(TARGET_NAME)";
				SWIFT_EMIT_LOC_STRINGS = YES;
				SWIFT_VERSION = 5.0;
				TARGETED_DEVICE_FAMILY = "1,2";
			};
			name = Release;
		};
/* End XCBuildConfiguration section */

/* Begin XCConfigurationList section */
		ADBBAD9727F5D92A00C3844F /* Build configuration list for PBXProject "RxLectureExample" */ = {
			isa = XCConfigurationList;
			buildConfigurations = (
				ADBBADAE27F5D92C00C3844F /* Debug */,
				ADBBADAF27F5D92C00C3844F /* Release */,
			);
			defaultConfigurationIsVisible = 0;
			defaultConfigurationName = Release;
		};
		ADBBADB027F5D92C00C3844F /* Build configuration list for PBXNativeTarget "RxLectureExample" */ = {
			isa = XCConfigurationList;
			buildConfigurations = (
				ADBBADB127F5D92C00C3844F /* Debug */,
				ADBBADB227F5D92C00C3844F /* Release */,
			);
			defaultConfigurationIsVisible = 0;
			defaultConfigurationName = Release;
		};
/* End XCConfigurationList section */

/* Begin XCRemoteSwiftPackageReference section */
		ADBBADB327F5D9CB00C3844F /* XCRemoteSwiftPackageReference "RxSwift" */ = {
			isa = XCRemoteSwiftPackageReference;
			repositoryURL = "https://github.com/ReactiveX/RxSwift.git";
			requirement = {
				branch = main;
				kind = branch;
			};
		};
		ADBBADBC27F5DAC800C3844F /* XCRemoteSwiftPackageReference "SnapKit" */ = {
			isa = XCRemoteSwiftPackageReference;
			repositoryURL = "https://github.com/SnapKit/SnapKit";
			requirement = {
				kind = upToNextMajorVersion;
				minimumVersion = 5.0.0;
			};
		};
		ADBBADC127F5EA3800C3844F /* XCRemoteSwiftPackageReference "lottie-ios" */ = {
			isa = XCRemoteSwiftPackageReference;
			repositoryURL = "https://github.com/airbnb/lottie-ios.git";
			requirement = {
				kind = upToNextMajorVersion;
				minimumVersion = 3.0.0;
			};
		};
/* End XCRemoteSwiftPackageReference section */

/* Begin XCSwiftPackageProductDependency section */
		ADBBADB427F5D9CB00C3844F /* RxCocoa */ = {
			isa = XCSwiftPackageProductDependency;
			package = ADBBADB327F5D9CB00C3844F /* XCRemoteSwiftPackageReference "RxSwift" */;
			productName = RxCocoa;
		};
		ADBBADB627F5D9CB00C3844F /* RxRelay */ = {
			isa = XCSwiftPackageProductDependency;
			package = ADBBADB327F5D9CB00C3844F /* XCRemoteSwiftPackageReference "RxSwift" */;
			productName = RxRelay;
		};
		ADBBADB827F5D9CB00C3844F /* RxSwift */ = {
			isa = XCSwiftPackageProductDependency;
			package = ADBBADB327F5D9CB00C3844F /* XCRemoteSwiftPackageReference "RxSwift" */;
			productName = RxSwift;
		};
		ADBBADBD27F5DAC800C3844F /* SnapKit */ = {
			isa = XCSwiftPackageProductDependency;
			package = ADBBADBC27F5DAC800C3844F /* XCRemoteSwiftPackageReference "SnapKit" */;
			productName = SnapKit;
		};
		ADBBADC227F5EA3800C3844F /* Lottie */ = {
			isa = XCSwiftPackageProductDependency;
			package = ADBBADC127F5EA3800C3844F /* XCRemoteSwiftPackageReference "lottie-ios" */;
			productName = Lottie;
		};
/* End XCSwiftPackageProductDependency section */
	};
	rootObject = ADBBAD9427F5D92A00C3844F /* Project object */;
}
